
Microsoft Visual Studio Solution File, Format Version 12.00
# Visual Studio Version 18
VisualStudioVersion = 18.0.11217.181 d18.0
MinimumVisualStudioVersion = 10.0.40219.1
Project("{2150E333-8FDC-42A3-9474-1A3956D46DE8}") = "Solution Items", "Solution Items", "{EF5D3D1F-39CC-43DD-A40B-6C8F68062910}"
	ProjectSection(SolutionItems) = preProject
		.editorconfig = .editorconfig
	EndProjectSection
EndProject
Project("{FAE04EC0-301F-11D3-BF4B-00C04F79EFBC}") = "KeyEngine", "KeyEngine\KeyEngine.csproj", "{C025CF50-27DD-F6FF-63B5-D63E208595BF}"
EndProject
Project("{9A19103F-16F7-4668-BE54-9A1E7A4F7556}") = "VelcroPhysics", "External\VelcroPhysics\VelcroPhysics.csproj", "{B0F6E151-0F64-4AEC-B24E-1D5EEFE5F9A1}"
EndProject
Global
	GlobalSection(SolutionConfigurationPlatforms) = preSolution
		Debug|Any CPU = Debug|Any CPU
		Release|Any CPU = Release|Any CPU
	EndGlobalSection
	GlobalSection(ProjectConfigurationPlatforms) = postSolution
		{B0F6E151-0F64-4AEC-B24E-1D5EEFE5F9A1}.Debug|Any CPU.ActiveCfg = Debug|Any CPU
		{B0F6E151-0F64-4AEC-B24E-1D5EEFE5F9A1}.Debug|Any CPU.Build.0 = Debug|Any CPU
		{B0F6E151-0F64-4AEC-B24E-1D5EEFE5F9A1}.Release|Any CPU.ActiveCfg = Release|Any CPU
		{B0F6E151-0F64-4AEC-B24E-1D5EEFE5F9A1}.Release|Any CPU.Build.0 = Release|Any CPU
		{C025CF50-27DD-F6FF-63B5-D63E208595BF}.Debug|Any CPU.ActiveCfg = Debug|Any CPU
		{C025CF50-27DD-F6FF-63B5-D63E208595BF}.Debug|Any CPU.Build.0 = Debug|Any CPU
		{C025CF50-27DD-F6FF-63B5-D63E208595BF}.Release|Any CPU.ActiveCfg = Release|Any CPU
		{C025CF50-27DD-F6FF-63B5-D63E208595BF}.Release|Any CPU.Build.0 = Release|Any CPU
	EndGlobalSection
	GlobalSection(SolutionProperties) = preSolution
		HideSolutionNode = FALSE
	EndGlobalSection
	GlobalSection(ExtensibilityGlobals) = postSolution
		SolutionGuid = {F72F5DEB-A5FB-4AD4-9A1B-05542D974938}
	EndGlobalSection
EndGlobal
