
Microsoft Visual Studio Solution File, Format Version 12.00
# Visual Studio Version 17
VisualStudioVersion = 17.9.34701.34
MinimumVisualStudioVersion = 10.0.40219.1
Project("{9A19103F-16F7-4668-BE54-9A1E7A4F7556}") = "KeyEngine Remake", "KeyEngine Remake\KeyEngine Remake.csproj", "{4E590C38-BFF9-47A7-8165-355A57AAF9D2}"
EndProject
Project("{2150E333-8FDC-42A3-9474-1A3956D46DE8}") = "Solution Items", "Solution Items", "{EF5D3D1F-39CC-43DD-A40B-6C8F68062910}"
	ProjectSection(SolutionItems) = preProject
		.editorconfig = .editorconfig
	EndProjectSection
EndProject
Global
	GlobalSection(SolutionConfigurationPlatforms) = preSolution
		Debug|Any CPU = Debug|Any CPU
		Release|Any CPU = Release|Any CPU
	EndGlobalSection
	GlobalSection(ProjectConfigurationPlatforms) = postSolution
		{4E590C38-BFF9-47A7-8165-355A57AAF9D2}.Debug|Any CPU.ActiveCfg = Debug|Any CPU
		{4E590C38-BFF9-47A7-8165-355A57AAF9D2}.Debug|Any CPU.Build.0 = Debug|Any CPU
		{4E590C38-BFF9-47A7-8165-355A57AAF9D2}.Release|Any CPU.ActiveCfg = Release|Any CPU
		{4E590C38-BFF9-47A7-8165-355A57AAF9D2}.Release|Any CPU.Build.0 = Release|Any CPU
	EndGlobalSection
	GlobalSection(SolutionProperties) = preSolution
		HideSolutionNode = FALSE
	EndGlobalSection
	GlobalSection(ExtensibilityGlobals) = postSolution
		SolutionGuid = {F72F5DEB-A5FB-4AD4-9A1B-05542D974938}
	EndGlobalSection
EndGlobal
